
Microsoft Visual Studio Solution File, Format Version 12.00
# Visual Studio Version 16
VisualStudioVersion = 16.0.31005.135
MinimumVisualStudioVersion = 10.0.40219.1
Project("{FAE04EC0-301F-11D3-BF4B-00C04F79EFBC}") = "AdvertApi", "AdvertApi.csproj", "{72C8ADAA-54A7-446A-BAEC-1BF269870900}"
EndProject
Project("{FAE04EC0-301F-11D3-BF4B-00C04F79EFBC}") = "AdvertApi.Models", "..\AdvertApi.Models\AdvertApi.Models.csproj", "{BEB5D3C8-0DDF-4CED-9801-41134954D881}"
EndProject
Global
	GlobalSection(SolutionConfigurationPlatforms) = preSolution
		Debug|Any CPU = Debug|Any CPU
		Release|Any CPU = Release|Any CPU
	EndGlobalSection
	GlobalSection(ProjectConfigurationPlatforms) = postSolution
		{72C8ADAA-54A7-446A-BAEC-1BF269870900}.Debug|Any CPU.ActiveCfg = Debug|Any CPU
		{72C8ADAA-54A7-446A-BAEC-1BF269870900}.Debug|Any CPU.Build.0 = Debug|Any CPU
		{72C8ADAA-54A7-446A-BAEC-1BF269870900}.Release|Any CPU.ActiveCfg = Release|Any CPU
		{72C8ADAA-54A7-446A-BAEC-1BF269870900}.Release|Any CPU.Build.0 = Release|Any CPU
		{BEB5D3C8-0DDF-4CED-9801-41134954D881}.Debug|Any CPU.ActiveCfg = Debug|Any CPU
		{BEB5D3C8-0DDF-4CED-9801-41134954D881}.Debug|Any CPU.Build.0 = Debug|Any CPU
		{BEB5D3C8-0DDF-4CED-9801-41134954D881}.Release|Any CPU.ActiveCfg = Release|Any CPU
		{BEB5D3C8-0DDF-4CED-9801-41134954D881}.Release|Any CPU.Build.0 = Release|Any CPU
	EndGlobalSection
	GlobalSection(SolutionProperties) = preSolution
		HideSolutionNode = FALSE
	EndGlobalSection
	GlobalSection(ExtensibilityGlobals) = postSolution
		SolutionGuid = {CC5D13FA-D5AA-44EE-84FC-186002606488}
	EndGlobalSection
EndGlobal
